{
  "_meta": {
    "hash": {
      "sha256": "1234567890abcdef1234567890abcdef1234567890abcdef1234567890abcdef"
    },
    "pipfile-spec": 6,
    "requires": {
      "python_version": "3.12"
    },
    "sources": [
      {
        "name": "pypi",
        "url": "https://pypi.org/simple",
        "verify_ssl": true
      }
    ]
  },
  "default": {
    "django": {
      "hashes": [
        "sha256:1234567890abcdef1234567890abcdef1234567890abcdef1234567890abcdef"
      ],
      "version": "==5.0.0"
    },
    "djangorestframework": {
      "hashes": [
        "sha256:1234567890abcdef1234567890abcdef1234567890abcdef1234567890abcdef"
      ],
      "version": "==3.14.0"
    },
    "django-cors-headers": {
      "hashes": [
        "sha256:1234567890abcdef1234567890abcdef1234567890abcdef1234567890abcdef"
      ],
      "version": "==4.3.1"
    },
    "psycopg2-binary": {
      "hashes": [
        "sha256:1234567890abcdef1234567890abcdef1234567890abcdef1234567890abcdef"
      ],
      "version": "==2.9.9"
    },
    "pillow": {
      "hashes": [
        "sha256:1234567890abcdef1234567890abcdef1234567890abcdef1234567890abcdef"
      ],
      "version": "==10.1.0"
    },
    "gunicorn": {
      "hashes": [
        "sha256:1234567890abcdef1234567890abcdef1234567890abcdef1234567890abcdef"
      ],
      "version": "==21.2.0"
    },
    "whitenoise": {
      "hashes": [
        "sha256:1234567890abcdef1234567890abcdef1234567890abcdef1234567890abcdef"
      ],
      "version": "==6.6.0"
    },
    "dj-database-url": {
      "hashes": [
        "sha256:1234567890abcdef1234567890abcdef1234567890abcdef1234567890abcdef"
      ],
      "version": "==2.1.0"
    },
    "python-decouple": {
      "hashes": [
        "sha256:1234567890abcdef1234567890abcdef1234567890abcdef1234567890abcdef"
      ],
      "version": "==3.8"
    },
    "django-filter": {
      "hashes": [
        "sha256:1234567890abcdef1234567890abcdef1234567890abcdef1234567890abcdef"
      ],
      "version": "==23.5"
    },
    "django-extensions": {
      "hashes": [
        "sha256:1234567890abcdef1234567890abcdef1234567890abcdef1234567890abcdef"
      ],
      "version": "==3.2.3"
    },
    "watchdog": {
      "hashes": [
        "sha256:1234567890abcdef1234567890abcdef1234567890abcdef1234567890abcdef"
      ],
      "version": "==3.0.0"
    },
    "watchmedo": {
      "hashes": [
        "sha256:1234567890abcdef1234567890abcdef1234567890abcdef1234567890abcdef"
      ],
      "version": "==3.0.1"
    }
  },
  "develop": {
    "pytest": {
      "hashes": [
        "sha256:1234567890abcdef1234567890abcdef1234567890abcdef1234567890abcdef"
      ],
      "version": "==7.4.3"
    },
    "pytest-django": {
      "hashes": [
        "sha256:1234567890abcdef1234567890abcdef1234567890abcdef1234567890abcdef"
      ],
      "version": "==4.7.0"
    },
    "black": {
      "hashes": [
        "sha256:1234567890abcdef1234567890abcdef1234567890abcdef1234567890abcdef"
      ],
      "version": "==23.11.0"
    },
    "flake8": {
      "hashes": [
        "sha256:1234567890abcdef1234567890abcdef1234567890abcdef1234567890abcdef"
      ],
      "version": "==6.1.0"
    },
    "isort": {
      "hashes": [
        "sha256:1234567890abcdef1234567890abcdef1234567890abcdef1234567890abcdef"
      ],
      "version": "==5.12.0"
    },
    "pre-commit": {
      "hashes": [
        "sha256:1234567890abcdef1234567890abcdef1234567890abcdef1234567890abcdef"
      ],
      "version": "==3.6.0"
    }
  }
}
